
Microsoft Visual Studio Solution File, Format Version 12.00
# Visual Studio Version 17
VisualStudioVersion = 17.13.35919.96 d17.13
MinimumVisualStudioVersion = 10.0.40219.1
Project("{00D1A9C2-B5F0-4AF3-8072-F6C62B433612}") = "MirandaDatabase1", "MirandaDatabase1\MirandaDatabase1.sqlproj", "{BEB4C421-81DA-4E9D-A3FC-BF26A429C993}"
EndProject
Global
	GlobalSection(SolutionConfigurationPlatforms) = preSolution
		Debug|Any CPU = Debug|Any CPU
		Release|Any CPU = Release|Any CPU
	EndGlobalSection
	GlobalSection(ProjectConfigurationPlatforms) = postSolution
		{BEB4C421-81DA-4E9D-A3FC-BF26A429C993}.Debug|Any CPU.ActiveCfg = Debug|Any CPU
		{BEB4C421-81DA-4E9D-A3FC-BF26A429C993}.Debug|Any CPU.Build.0 = Debug|Any CPU
		{BEB4C421-81DA-4E9D-A3FC-BF26A429C993}.Debug|Any CPU.Deploy.0 = Debug|Any CPU
		{BEB4C421-81DA-4E9D-A3FC-BF26A429C993}.Release|Any CPU.ActiveCfg = Release|Any CPU
		{BEB4C421-81DA-4E9D-A3FC-BF26A429C993}.Release|Any CPU.Build.0 = Release|Any CPU
		{BEB4C421-81DA-4E9D-A3FC-BF26A429C993}.Release|Any CPU.Deploy.0 = Release|Any CPU
	EndGlobalSection
	GlobalSection(SolutionProperties) = preSolution
		HideSolutionNode = FALSE
	EndGlobalSection
	GlobalSection(ExtensibilityGlobals) = postSolution
		SolutionGuid = {0684AF07-02FC-4676-A731-570C38D5C7B1}
	EndGlobalSection
EndGlobal
